
Microsoft Visual Studio Solution File, Format Version 12.00
# Visual Studio Version 16
VisualStudioVersion = 16.0.30128.74
MinimumVisualStudioVersion = 10.0.40219.1
Project("{FAE04EC0-301F-11D3-BF4B-00C04F79EFBC}") = "OperacionaisTI", "OperacionaisTI\OperacionaisTI.csproj", "{75927766-C55E-4CCE-A6FD-3754D9C85DE5}"
EndProject
Global
	GlobalSection(SolutionConfigurationPlatforms) = preSolution
		Debug|Any CPU = Debug|Any CPU
		Release|Any CPU = Release|Any CPU
	EndGlobalSection
	GlobalSection(ProjectConfigurationPlatforms) = postSolution
		{75927766-C55E-4CCE-A6FD-3754D9C85DE5}.Debug|Any CPU.ActiveCfg = Debug|Any CPU
		{75927766-C55E-4CCE-A6FD-3754D9C85DE5}.Debug|Any CPU.Build.0 = Debug|Any CPU
		{75927766-C55E-4CCE-A6FD-3754D9C85DE5}.Release|Any CPU.ActiveCfg = Release|Any CPU
		{75927766-C55E-4CCE-A6FD-3754D9C85DE5}.Release|Any CPU.Build.0 = Release|Any CPU
	EndGlobalSection
	GlobalSection(SolutionProperties) = preSolution
		HideSolutionNode = FALSE
	EndGlobalSection
	GlobalSection(ExtensibilityGlobals) = postSolution
		SolutionGuid = {54ECAAB3-5189-4F3C-A60E-B751219753C8}
	EndGlobalSection
EndGlobal
